
Microsoft Visual Studio Solution File, Format Version 12.00
# Visual Studio Version 17
VisualStudioVersion = 17.9.34723.18
MinimumVisualStudioVersion = 10.0.40219.1
Project("{FAE04EC0-301F-11D3-BF4B-00C04F79EFBC}") = "SRLS_launcher", "SRLS_launcher.csproj", "{BDB71FD5-CDD6-448F-84E2-F347230B8A14}"
EndProject
Global
	GlobalSection(SolutionConfigurationPlatforms) = preSolution
		Debug|Any CPU = Debug|Any CPU
		Release|Any CPU = Release|Any CPU
	EndGlobalSection
	GlobalSection(ProjectConfigurationPlatforms) = postSolution
		{BDB71FD5-CDD6-448F-84E2-F347230B8A14}.Debug|Any CPU.ActiveCfg = Debug|Any CPU
		{BDB71FD5-CDD6-448F-84E2-F347230B8A14}.Debug|Any CPU.Build.0 = Debug|Any CPU
		{BDB71FD5-CDD6-448F-84E2-F347230B8A14}.Release|Any CPU.ActiveCfg = Release|Any CPU
		{BDB71FD5-CDD6-448F-84E2-F347230B8A14}.Release|Any CPU.Build.0 = Release|Any CPU
	EndGlobalSection
	GlobalSection(SolutionProperties) = preSolution
		HideSolutionNode = FALSE
	EndGlobalSection
	GlobalSection(ExtensibilityGlobals) = postSolution
		SolutionGuid = {05BB0816-B96A-41E8-9ED9-DCBBF04CB13A}
	EndGlobalSection
EndGlobal
